
Microsoft Visual Studio Solution File, Format Version 12.00
# Visual Studio Version 17
VisualStudioVersion = 17.11.35312.102
MinimumVisualStudioVersion = 10.0.40219.1
Project("{9A19103F-16F7-4668-BE54-9A1E7A4F7556}") = "TP4", "TP4\TP4.csproj", "{ABD30CD3-880D-4A24-B1B3-CEF4F5FB8B62}"
EndProject
Global
	GlobalSection(SolutionConfigurationPlatforms) = preSolution
		Debug|Any CPU = Debug|Any CPU
		Release|Any CPU = Release|Any CPU
	EndGlobalSection
	GlobalSection(ProjectConfigurationPlatforms) = postSolution
		{ABD30CD3-880D-4A24-B1B3-CEF4F5FB8B62}.Debug|Any CPU.ActiveCfg = Debug|Any CPU
		{ABD30CD3-880D-4A24-B1B3-CEF4F5FB8B62}.Debug|Any CPU.Build.0 = Debug|Any CPU
		{ABD30CD3-880D-4A24-B1B3-CEF4F5FB8B62}.Release|Any CPU.ActiveCfg = Release|Any CPU
		{ABD30CD3-880D-4A24-B1B3-CEF4F5FB8B62}.Release|Any CPU.Build.0 = Release|Any CPU
	EndGlobalSection
	GlobalSection(SolutionProperties) = preSolution
		HideSolutionNode = FALSE
	EndGlobalSection
	GlobalSection(ExtensibilityGlobals) = postSolution
		SolutionGuid = {5417411F-5788-44FB-B855-5C0AF902C2EE}
	EndGlobalSection
EndGlobal
